
Microsoft Visual Studio Solution File, Format Version 12.00
# Visual Studio Version 17
VisualStudioVersion = 17.9.34607.119
MinimumVisualStudioVersion = 10.0.40219.1
Project("{FAE04EC0-301F-11D3-BF4B-00C04F79EFBC}") = "API_TechChallengePrimeiraFase", "API_TechChallengePrimeiraFase\API_TechChallengePrimeiraFase.csproj", "{5700C2BA-3D8C-491A-8D97-2D8BA6D62466}"
EndProject
Project("{FAE04EC0-301F-11D3-BF4B-00C04F79EFBC}") = "Business_TechChallengePrimeiraFase", "Business_TechChallengePrimeiraFase\Business_TechChallengePrimeiraFase.csproj", "{FFD7E30E-886C-406E-B5D5-7B124991F065}"
EndProject
Project("{FAE04EC0-301F-11D3-BF4B-00C04F79EFBC}") = "Infrastructure_TechChallengePrimeiraFase", "Infrastructure_TechChallengePrimeiraFase\Infrastructure_TechChallengePrimeiraFase.csproj", "{C5E77107-8524-4245-9F20-2FCDDB28F0AD}"
EndProject
Project("{FAE04EC0-301F-11D3-BF4B-00C04F79EFBC}") = "Entities_TechChallengePrimeiraFase", "Entities_TechChallengePrimeiraFase\Entities_TechChallengePrimeiraFase.csproj", "{6847F451-CF2F-44EC-B4CB-2CDEAD7A936E}"
EndProject
Project("{FAE04EC0-301F-11D3-BF4B-00C04F79EFBC}") = "DataAccess_TechChallengePrimeiraFase", "DataAccess_TechChallengePrimeiraFase\DataAccess_TechChallengePrimeiraFase.csproj", "{F3E6FD8C-4547-4670-90C3-0414BB8E0C99}"
EndProject
Project("{FAE04EC0-301F-11D3-BF4B-00C04F79EFBC}") = "UnitTest_TechChallengePrimeiraFase", "UnitTest_TechChallengePrimeiraFase\UnitTest_TechChallengePrimeiraFase.csproj", "{7B61715F-70E9-4607-B112-BE40935A6F31}"
EndProject
Global
	GlobalSection(SolutionConfigurationPlatforms) = preSolution
		Debug|Any CPU = Debug|Any CPU
		Release|Any CPU = Release|Any CPU
	EndGlobalSection
	GlobalSection(ProjectConfigurationPlatforms) = postSolution
		{5700C2BA-3D8C-491A-8D97-2D8BA6D62466}.Debug|Any CPU.ActiveCfg = Debug|Any CPU
		{5700C2BA-3D8C-491A-8D97-2D8BA6D62466}.Debug|Any CPU.Build.0 = Debug|Any CPU
		{5700C2BA-3D8C-491A-8D97-2D8BA6D62466}.Release|Any CPU.ActiveCfg = Release|Any CPU
		{5700C2BA-3D8C-491A-8D97-2D8BA6D62466}.Release|Any CPU.Build.0 = Release|Any CPU
		{FFD7E30E-886C-406E-B5D5-7B124991F065}.Debug|Any CPU.ActiveCfg = Debug|Any CPU
		{FFD7E30E-886C-406E-B5D5-7B124991F065}.Debug|Any CPU.Build.0 = Debug|Any CPU
		{FFD7E30E-886C-406E-B5D5-7B124991F065}.Release|Any CPU.ActiveCfg = Release|Any CPU
		{FFD7E30E-886C-406E-B5D5-7B124991F065}.Release|Any CPU.Build.0 = Release|Any CPU
		{C5E77107-8524-4245-9F20-2FCDDB28F0AD}.Debug|Any CPU.ActiveCfg = Debug|Any CPU
		{C5E77107-8524-4245-9F20-2FCDDB28F0AD}.Debug|Any CPU.Build.0 = Debug|Any CPU
		{C5E77107-8524-4245-9F20-2FCDDB28F0AD}.Release|Any CPU.ActiveCfg = Release|Any CPU
		{C5E77107-8524-4245-9F20-2FCDDB28F0AD}.Release|Any CPU.Build.0 = Release|Any CPU
		{6847F451-CF2F-44EC-B4CB-2CDEAD7A936E}.Debug|Any CPU.ActiveCfg = Debug|Any CPU
		{6847F451-CF2F-44EC-B4CB-2CDEAD7A936E}.Debug|Any CPU.Build.0 = Debug|Any CPU
		{6847F451-CF2F-44EC-B4CB-2CDEAD7A936E}.Release|Any CPU.ActiveCfg = Release|Any CPU
		{6847F451-CF2F-44EC-B4CB-2CDEAD7A936E}.Release|Any CPU.Build.0 = Release|Any CPU
		{F3E6FD8C-4547-4670-90C3-0414BB8E0C99}.Debug|Any CPU.ActiveCfg = Debug|Any CPU
		{F3E6FD8C-4547-4670-90C3-0414BB8E0C99}.Debug|Any CPU.Build.0 = Debug|Any CPU
		{F3E6FD8C-4547-4670-90C3-0414BB8E0C99}.Release|Any CPU.ActiveCfg = Release|Any CPU
		{F3E6FD8C-4547-4670-90C3-0414BB8E0C99}.Release|Any CPU.Build.0 = Release|Any CPU
		{7B61715F-70E9-4607-B112-BE40935A6F31}.Debug|Any CPU.ActiveCfg = Debug|Any CPU
		{7B61715F-70E9-4607-B112-BE40935A6F31}.Debug|Any CPU.Build.0 = Debug|Any CPU
		{7B61715F-70E9-4607-B112-BE40935A6F31}.Release|Any CPU.ActiveCfg = Release|Any CPU
		{7B61715F-70E9-4607-B112-BE40935A6F31}.Release|Any CPU.Build.0 = Release|Any CPU
	EndGlobalSection
	GlobalSection(SolutionProperties) = preSolution
		HideSolutionNode = FALSE
	EndGlobalSection
	GlobalSection(ExtensibilityGlobals) = postSolution
		SolutionGuid = {C7EEE133-F81D-421B-BBB9-E4618BA5DAA4}
	EndGlobalSection
EndGlobal
