
Microsoft Visual Studio Solution File, Format Version 12.00
# Visual Studio Version 17
VisualStudioVersion = 17.9.34607.119
MinimumVisualStudioVersion = 10.0.40219.1
Project("{9A19103F-16F7-4668-BE54-9A1E7A4F7556}") = "API_TechChallengePrimeiraFase", "API_TechChallengePrimeiraFase\API_TechChallengePrimeiraFase.csproj", "{5700C2BA-3D8C-491A-8D97-2D8BA6D62466}"
EndProject
Project("{9A19103F-16F7-4668-BE54-9A1E7A4F7556}") = "Business_TechChallengePrimeiraFase", "Business_TechChallengePrimeiraFase\Business_TechChallengePrimeiraFase.csproj", "{FFD7E30E-886C-406E-B5D5-7B124991F065}"
EndProject
Project("{9A19103F-16F7-4668-BE54-9A1E7A4F7556}") = "Infrastructure_TechChallengePrimeiraFase", "Infrastructure_TechChallengePrimeiraFase\Infrastructure_TechChallengePrimeiraFase.csproj", "{C5E77107-8524-4245-9F20-2FCDDB28F0AD}"
EndProject
Project("{9A19103F-16F7-4668-BE54-9A1E7A4F7556}") = "Entities_TechChallengePrimeiraFase", "Entities_TechChallengePrimeiraFase\Entities_TechChallengePrimeiraFase.csproj", "{6847F451-CF2F-44EC-B4CB-2CDEAD7A936E}"
EndProject
Project("{9A19103F-16F7-4668-BE54-9A1E7A4F7556}") = "DataAccess_TechChallengePrimeiraFase", "DataAccess_TechChallengePrimeiraFase\DataAccess_TechChallengePrimeiraFase.csproj", "{F3E6FD8C-4547-4670-90C3-0414BB8E0C99}"
EndProject
Project("{9A19103F-16F7-4668-BE54-9A1E7A4F7556}") = "UnitTest_TechChallengePrimeiraFase", "UnitTest_TechChallengePrimeiraFase\UnitTest_TechChallengePrimeiraFase.csproj", "{7B61715F-70E9-4607-B112-BE40935A6F31}"
EndProject
Project("{9A19103F-16F7-4668-BE54-9A1E7A4F7556}") = "API_Gateway_TechChallenge", "API_Gateway_TechChallenge\API_Gateway_TechChallenge.csproj", "{A7DC7E92-B3E0-4C4F-82C8-F67CC46414BB}"
EndProject
Project("{9A19103F-16F7-4668-BE54-9A1E7A4F7556}") = "Servico_Regioes_TechChallenge", "Servico_Regioes_TechChallenge\Servico_Regioes_TechChallenge.csproj", "{0AB94B85-8A9B-4B67-A4CF-A8E28E828802}"
EndProject
Project("{9A19103F-16F7-4668-BE54-9A1E7A4F7556}") = "Servico_Pessoas_TechChellenge", "Servico_Pessoas_TechChellenge\Servico_Pessoas_TechChellenge.csproj", "{DEED76C3-4907-4BF2-A705-BDADD2324B90}"
EndProject
Project("{9A19103F-16F7-4668-BE54-9A1E7A4F7556}") = "API_Producer_TechChallenge", "API_Producer_TechChallenge\API_Producer_TechChallenge.csproj", "{6A4CA32E-6F28-41CA-BE69-CA635C5D845D}"
EndProject
Project("{9A19103F-16F7-4668-BE54-9A1E7A4F7556}") = "Consumidor_Regioes_TechChallenge", "Consumidor_Regioes_TechChallenge\Consumidor_Regioes_TechChallenge.csproj", "{EE56F078-F74C-4B40-8FB2-748675285C07}"
EndProject
Project("{9A19103F-16F7-4668-BE54-9A1E7A4F7556}") = "Consumidor_Pessoas_TechChallenge", "Consumidor_Pessoas_TechChallenge\Consumidor_Pessoas_TechChallenge.csproj", "{56F50D46-A1FB-45CE-A632-BFA7EEEF6319}"
EndProject
Project("{E53339B2-1760-4266-BCC7-CA923CBCF16C}") = "docker-compose", "docker-compose.dcproj", "{033465B5-DB1B-4001-BCF0-C52A2784340E}"
EndProject
Project("{2150E333-8FDC-42A3-9474-1A3956D46DE8}") = "Itens de Solução", "Itens de Solução", "{E7777CAE-11C6-4CE9-BA17-5F134ACA1B4A}"
	ProjectSection(SolutionItems) = preProject
		api.yaml = api.yaml
	EndProjectSection
EndProject
Global
	GlobalSection(SolutionConfigurationPlatforms) = preSolution
		Debug|Any CPU = Debug|Any CPU
		Release|Any CPU = Release|Any CPU
	EndGlobalSection
	GlobalSection(ProjectConfigurationPlatforms) = postSolution
		{5700C2BA-3D8C-491A-8D97-2D8BA6D62466}.Debug|Any CPU.ActiveCfg = Debug|Any CPU
		{5700C2BA-3D8C-491A-8D97-2D8BA6D62466}.Debug|Any CPU.Build.0 = Debug|Any CPU
		{5700C2BA-3D8C-491A-8D97-2D8BA6D62466}.Release|Any CPU.ActiveCfg = Release|Any CPU
		{5700C2BA-3D8C-491A-8D97-2D8BA6D62466}.Release|Any CPU.Build.0 = Release|Any CPU
		{FFD7E30E-886C-406E-B5D5-7B124991F065}.Debug|Any CPU.ActiveCfg = Debug|Any CPU
		{FFD7E30E-886C-406E-B5D5-7B124991F065}.Debug|Any CPU.Build.0 = Debug|Any CPU
		{FFD7E30E-886C-406E-B5D5-7B124991F065}.Release|Any CPU.ActiveCfg = Release|Any CPU
		{FFD7E30E-886C-406E-B5D5-7B124991F065}.Release|Any CPU.Build.0 = Release|Any CPU
		{C5E77107-8524-4245-9F20-2FCDDB28F0AD}.Debug|Any CPU.ActiveCfg = Debug|Any CPU
		{C5E77107-8524-4245-9F20-2FCDDB28F0AD}.Debug|Any CPU.Build.0 = Debug|Any CPU
		{C5E77107-8524-4245-9F20-2FCDDB28F0AD}.Release|Any CPU.ActiveCfg = Release|Any CPU
		{C5E77107-8524-4245-9F20-2FCDDB28F0AD}.Release|Any CPU.Build.0 = Release|Any CPU
		{6847F451-CF2F-44EC-B4CB-2CDEAD7A936E}.Debug|Any CPU.ActiveCfg = Debug|Any CPU
		{6847F451-CF2F-44EC-B4CB-2CDEAD7A936E}.Debug|Any CPU.Build.0 = Debug|Any CPU
		{6847F451-CF2F-44EC-B4CB-2CDEAD7A936E}.Release|Any CPU.ActiveCfg = Release|Any CPU
		{6847F451-CF2F-44EC-B4CB-2CDEAD7A936E}.Release|Any CPU.Build.0 = Release|Any CPU
		{F3E6FD8C-4547-4670-90C3-0414BB8E0C99}.Debug|Any CPU.ActiveCfg = Debug|Any CPU
		{F3E6FD8C-4547-4670-90C3-0414BB8E0C99}.Debug|Any CPU.Build.0 = Debug|Any CPU
		{F3E6FD8C-4547-4670-90C3-0414BB8E0C99}.Release|Any CPU.ActiveCfg = Release|Any CPU
		{F3E6FD8C-4547-4670-90C3-0414BB8E0C99}.Release|Any CPU.Build.0 = Release|Any CPU
		{7B61715F-70E9-4607-B112-BE40935A6F31}.Debug|Any CPU.ActiveCfg = Debug|Any CPU
		{7B61715F-70E9-4607-B112-BE40935A6F31}.Debug|Any CPU.Build.0 = Debug|Any CPU
		{7B61715F-70E9-4607-B112-BE40935A6F31}.Release|Any CPU.ActiveCfg = Release|Any CPU
		{7B61715F-70E9-4607-B112-BE40935A6F31}.Release|Any CPU.Build.0 = Release|Any CPU
		{A7DC7E92-B3E0-4C4F-82C8-F67CC46414BB}.Debug|Any CPU.ActiveCfg = Debug|Any CPU
		{A7DC7E92-B3E0-4C4F-82C8-F67CC46414BB}.Debug|Any CPU.Build.0 = Debug|Any CPU
		{A7DC7E92-B3E0-4C4F-82C8-F67CC46414BB}.Release|Any CPU.ActiveCfg = Release|Any CPU
		{A7DC7E92-B3E0-4C4F-82C8-F67CC46414BB}.Release|Any CPU.Build.0 = Release|Any CPU
		{0AB94B85-8A9B-4B67-A4CF-A8E28E828802}.Debug|Any CPU.ActiveCfg = Debug|Any CPU
		{0AB94B85-8A9B-4B67-A4CF-A8E28E828802}.Debug|Any CPU.Build.0 = Debug|Any CPU
		{0AB94B85-8A9B-4B67-A4CF-A8E28E828802}.Release|Any CPU.ActiveCfg = Release|Any CPU
		{0AB94B85-8A9B-4B67-A4CF-A8E28E828802}.Release|Any CPU.Build.0 = Release|Any CPU
		{DEED76C3-4907-4BF2-A705-BDADD2324B90}.Debug|Any CPU.ActiveCfg = Debug|Any CPU
		{DEED76C3-4907-4BF2-A705-BDADD2324B90}.Debug|Any CPU.Build.0 = Debug|Any CPU
		{DEED76C3-4907-4BF2-A705-BDADD2324B90}.Release|Any CPU.ActiveCfg = Release|Any CPU
		{DEED76C3-4907-4BF2-A705-BDADD2324B90}.Release|Any CPU.Build.0 = Release|Any CPU
		{6A4CA32E-6F28-41CA-BE69-CA635C5D845D}.Debug|Any CPU.ActiveCfg = Debug|Any CPU
		{6A4CA32E-6F28-41CA-BE69-CA635C5D845D}.Debug|Any CPU.Build.0 = Debug|Any CPU
		{6A4CA32E-6F28-41CA-BE69-CA635C5D845D}.Release|Any CPU.ActiveCfg = Release|Any CPU
		{6A4CA32E-6F28-41CA-BE69-CA635C5D845D}.Release|Any CPU.Build.0 = Release|Any CPU
		{EE56F078-F74C-4B40-8FB2-748675285C07}.Debug|Any CPU.ActiveCfg = Debug|Any CPU
		{EE56F078-F74C-4B40-8FB2-748675285C07}.Debug|Any CPU.Build.0 = Debug|Any CPU
		{EE56F078-F74C-4B40-8FB2-748675285C07}.Release|Any CPU.ActiveCfg = Release|Any CPU
		{EE56F078-F74C-4B40-8FB2-748675285C07}.Release|Any CPU.Build.0 = Release|Any CPU
		{56F50D46-A1FB-45CE-A632-BFA7EEEF6319}.Debug|Any CPU.ActiveCfg = Debug|Any CPU
		{56F50D46-A1FB-45CE-A632-BFA7EEEF6319}.Debug|Any CPU.Build.0 = Debug|Any CPU
		{56F50D46-A1FB-45CE-A632-BFA7EEEF6319}.Release|Any CPU.ActiveCfg = Release|Any CPU
		{56F50D46-A1FB-45CE-A632-BFA7EEEF6319}.Release|Any CPU.Build.0 = Release|Any CPU
		{033465B5-DB1B-4001-BCF0-C52A2784340E}.Debug|Any CPU.ActiveCfg = Debug|Any CPU
		{033465B5-DB1B-4001-BCF0-C52A2784340E}.Debug|Any CPU.Build.0 = Debug|Any CPU
		{033465B5-DB1B-4001-BCF0-C52A2784340E}.Release|Any CPU.ActiveCfg = Release|Any CPU
		{033465B5-DB1B-4001-BCF0-C52A2784340E}.Release|Any CPU.Build.0 = Release|Any CPU
	EndGlobalSection
	GlobalSection(SolutionProperties) = preSolution
		HideSolutionNode = FALSE
	EndGlobalSection
	GlobalSection(ExtensibilityGlobals) = postSolution
		SolutionGuid = {C7EEE133-F81D-421B-BBB9-E4618BA5DAA4}
	EndGlobalSection
EndGlobal
